
Microsoft Visual Studio Solution File, Format Version 12.00
# Visual Studio Version 17
VisualStudioVersion = 17.12.35707.178 d17.12
MinimumVisualStudioVersion = 10.0.40219.1
Project("{FAE04EC0-301F-11D3-BF4B-00C04F79EFBC}") = "ExportMultipleRDLC", "ExportMultipleRDLC\ExportMultipleRDLC.csproj", "{00E89595-CB45-484A-BA76-86914417EFEA}"
EndProject
Global
	GlobalSection(SolutionConfigurationPlatforms) = preSolution
		Debug|Any CPU = Debug|Any CPU
		Release|Any CPU = Release|Any CPU
	EndGlobalSection
	GlobalSection(ProjectConfigurationPlatforms) = postSolution
		{00E89595-CB45-484A-BA76-86914417EFEA}.Debug|Any CPU.ActiveCfg = Debug|Any CPU
		{00E89595-CB45-484A-BA76-86914417EFEA}.Debug|Any CPU.Build.0 = Debug|Any CPU
		{00E89595-CB45-484A-BA76-86914417EFEA}.Release|Any CPU.ActiveCfg = Release|Any CPU
		{00E89595-CB45-484A-BA76-86914417EFEA}.Release|Any CPU.Build.0 = Release|Any CPU
	EndGlobalSection
	GlobalSection(SolutionProperties) = preSolution
		HideSolutionNode = FALSE
	EndGlobalSection
EndGlobal
